
Microsoft Visual Studio Solution File, Format Version 12.00
# Visual Studio Version 17
VisualStudioVersion = 17.9.34728.123
MinimumVisualStudioVersion = 10.0.40219.1
Project("{FAE04EC0-301F-11D3-BF4B-00C04F79EFBC}") = "RecipeBlogProject", "RecipeBlogProject.csproj", "{4E101B5D-329C-44FF-90AD-057CF6D1B63B}"
EndProject
Global
	GlobalSection(SolutionConfigurationPlatforms) = preSolution
		Debug|Any CPU = Debug|Any CPU
		Release|Any CPU = Release|Any CPU
	EndGlobalSection
	GlobalSection(ProjectConfigurationPlatforms) = postSolution
		{4E101B5D-329C-44FF-90AD-057CF6D1B63B}.Debug|Any CPU.ActiveCfg = Debug|Any CPU
		{4E101B5D-329C-44FF-90AD-057CF6D1B63B}.Debug|Any CPU.Build.0 = Debug|Any CPU
		{4E101B5D-329C-44FF-90AD-057CF6D1B63B}.Release|Any CPU.ActiveCfg = Release|Any CPU
		{4E101B5D-329C-44FF-90AD-057CF6D1B63B}.Release|Any CPU.Build.0 = Release|Any CPU
	EndGlobalSection
	GlobalSection(SolutionProperties) = preSolution
		HideSolutionNode = FALSE
	EndGlobalSection
	GlobalSection(ExtensibilityGlobals) = postSolution
		SolutionGuid = {0275A878-24B2-4CD6-8F0F-CDDD42E4047B}
	EndGlobalSection
EndGlobal
